
Microsoft Visual Studio Solution File, Format Version 12.00
# Visual Studio Version 17
VisualStudioVersion = 17.5.33516.290
MinimumVisualStudioVersion = 10.0.40219.1
Project("{FAE04EC0-301F-11D3-BF4B-00C04F79EFBC}") = "MySupperBank", "MySupperBank\MySupperBank.csproj", "{AD1F1232-9722-4466-A671-CC89BB0C002F}"
EndProject
Global
	GlobalSection(SolutionConfigurationPlatforms) = preSolution
		Debug|Any CPU = Debug|Any CPU
		Release|Any CPU = Release|Any CPU
	EndGlobalSection
	GlobalSection(ProjectConfigurationPlatforms) = postSolution
		{AD1F1232-9722-4466-A671-CC89BB0C002F}.Debug|Any CPU.ActiveCfg = Debug|Any CPU
		{AD1F1232-9722-4466-A671-CC89BB0C002F}.Debug|Any CPU.Build.0 = Debug|Any CPU
		{AD1F1232-9722-4466-A671-CC89BB0C002F}.Release|Any CPU.ActiveCfg = Release|Any CPU
		{AD1F1232-9722-4466-A671-CC89BB0C002F}.Release|Any CPU.Build.0 = Release|Any CPU
	EndGlobalSection
	GlobalSection(SolutionProperties) = preSolution
		HideSolutionNode = FALSE
	EndGlobalSection
	GlobalSection(ExtensibilityGlobals) = postSolution
		SolutionGuid = {9CA0024A-43C7-4268-956C-D414CE2601A2}
	EndGlobalSection
EndGlobal
